
Microsoft Visual Studio Solution File, Format Version 12.00
# Visual Studio Version 17
VisualStudioVersion = 17.0.32112.339
MinimumVisualStudioVersion = 10.0.40219.1
Project("{FAE04EC0-301F-11D3-BF4B-00C04F79EFBC}") = "LibraryApp.Core.Domain", "LibraryApp.Core.Domain.csproj", "{97F336CB-9896-475D-913C-62D9719D2A3B}"
EndProject
Global
	GlobalSection(SolutionConfigurationPlatforms) = preSolution
		Debug|Any CPU = Debug|Any CPU
		Release|Any CPU = Release|Any CPU
	EndGlobalSection
	GlobalSection(ProjectConfigurationPlatforms) = postSolution
		{97F336CB-9896-475D-913C-62D9719D2A3B}.Debug|Any CPU.ActiveCfg = Debug|Any CPU
		{97F336CB-9896-475D-913C-62D9719D2A3B}.Debug|Any CPU.Build.0 = Debug|Any CPU
		{97F336CB-9896-475D-913C-62D9719D2A3B}.Release|Any CPU.ActiveCfg = Release|Any CPU
		{97F336CB-9896-475D-913C-62D9719D2A3B}.Release|Any CPU.Build.0 = Release|Any CPU
	EndGlobalSection
	GlobalSection(SolutionProperties) = preSolution
		HideSolutionNode = FALSE
	EndGlobalSection
	GlobalSection(ExtensibilityGlobals) = postSolution
		SolutionGuid = {BD9A651E-12D6-4C11-A4DD-8540F6F919F4}
	EndGlobalSection
EndGlobal
